
Microsoft Visual Studio Solution File, Format Version 12.00
# Visual Studio Version 16
VisualStudioVersion = 16.0.30413.136
MinimumVisualStudioVersion = 10.0.40219.1
Project("{FAE04EC0-301F-11D3-BF4B-00C04F79EFBC}") = "Kalkylator", "Kalkylator\Kalkylator.csproj", "{466E1963-6F57-4D98-97AA-02D2CC183E92}"
EndProject
Global
	GlobalSection(SolutionConfigurationPlatforms) = preSolution
		Debug|Any CPU = Debug|Any CPU
		Release|Any CPU = Release|Any CPU
	EndGlobalSection
	GlobalSection(ProjectConfigurationPlatforms) = postSolution
		{466E1963-6F57-4D98-97AA-02D2CC183E92}.Debug|Any CPU.ActiveCfg = Debug|Any CPU
		{466E1963-6F57-4D98-97AA-02D2CC183E92}.Debug|Any CPU.Build.0 = Debug|Any CPU
		{466E1963-6F57-4D98-97AA-02D2CC183E92}.Release|Any CPU.ActiveCfg = Release|Any CPU
		{466E1963-6F57-4D98-97AA-02D2CC183E92}.Release|Any CPU.Build.0 = Release|Any CPU
	EndGlobalSection
	GlobalSection(SolutionProperties) = preSolution
		HideSolutionNode = FALSE
	EndGlobalSection
	GlobalSection(ExtensibilityGlobals) = postSolution
		SolutionGuid = {4291A822-FB24-4C4C-BB31-113CFD4C98DD}
	EndGlobalSection
EndGlobal
