
Microsoft Visual Studio Solution File, Format Version 12.00
# Visual Studio Version 16
VisualStudioVersion = 16.0.30413.136
MinimumVisualStudioVersion = 10.0.40219.1
Project("{FAE04EC0-301F-11D3-BF4B-00C04F79EFBC}") = "villkorloopar", "villkorloopar\villkorloopar.csproj", "{6AF91118-46C2-4DF8-BD02-E469BF98D5A5}"
EndProject
Global
	GlobalSection(SolutionConfigurationPlatforms) = preSolution
		Debug|Any CPU = Debug|Any CPU
		Release|Any CPU = Release|Any CPU
	EndGlobalSection
	GlobalSection(ProjectConfigurationPlatforms) = postSolution
		{6AF91118-46C2-4DF8-BD02-E469BF98D5A5}.Debug|Any CPU.ActiveCfg = Debug|Any CPU
		{6AF91118-46C2-4DF8-BD02-E469BF98D5A5}.Debug|Any CPU.Build.0 = Debug|Any CPU
		{6AF91118-46C2-4DF8-BD02-E469BF98D5A5}.Release|Any CPU.ActiveCfg = Release|Any CPU
		{6AF91118-46C2-4DF8-BD02-E469BF98D5A5}.Release|Any CPU.Build.0 = Release|Any CPU
	EndGlobalSection
	GlobalSection(SolutionProperties) = preSolution
		HideSolutionNode = FALSE
	EndGlobalSection
	GlobalSection(ExtensibilityGlobals) = postSolution
		SolutionGuid = {C3CC6D13-B2B2-42A6-A938-BFE75AF10C30}
	EndGlobalSection
EndGlobal
